// !$*UTF8*$!
{
	archiveVersion = 1;
	classes = {
	};
	objectVersion = 50;
	objects = {

/* Begin PBXBuildFile section */
		D762752226F9E39D0057332E /* AppDelegate.swift in Sources */ = {isa = PBXBuildFile; fileRef = D762752126F9E39D0057332E /* AppDelegate.swift */; };
		D762752426F9E39D0057332E /* SceneDelegate.swift in Sources */ = {isa = PBXBuildFile; fileRef = D762752326F9E39D0057332E /* SceneDelegate.swift */; };
		D762752926F9E39D0057332E /* Main.storyboard in Resources */ = {isa = PBXBuildFile; fileRef = D762752726F9E39D0057332E /* Main.storyboard */; };
		D762752B26F9E3A20057332E /* Assets.xcassets in Resources */ = {isa = PBXBuildFile; fileRef = D762752A26F9E3A20057332E /* Assets.xcassets */; };
		D762752E26F9E3A20057332E /* LaunchScreen.storyboard in Resources */ = {isa = PBXBuildFile; fileRef = D762752C26F9E3A20057332E /* LaunchScreen.storyboard */; };
		D762753826F9E47D0057332E /* TableViewController.swift in Sources */ = {isa = PBXBuildFile; fileRef = D762753726F9E47D0057332E /* TableViewController.swift */; };
		D762753B26F9EA440057332E /* Person.swift in Sources */ = {isa = PBXBuildFile; fileRef = D762753A26F9EA440057332E /* Person.swift */; };
		D762753E26F9EACA0057332E /* Contact.swift in Sources */ = {isa = PBXBuildFile; fileRef = D762753D26F9EACA0057332E /* Contact.swift */; };
		D762754B26FA19440057332E /* ContactInfoViewController.swift in Sources */ = {isa = PBXBuildFile; fileRef = D762754A26FA19440057332E /* ContactInfoViewController.swift */; };
/* End PBXBuildFile section */

/* Begin PBXFileReference section */
		D762751E26F9E39D0057332E /* RE_ContactList.app */ = {isa = PBXFileReference; explicitFileType = wrapper.application; includeInIndex = 0; path = RE_ContactList.app; sourceTree = BUILT_PRODUCTS_DIR; };
		D762752126F9E39D0057332E /* AppDelegate.swift */ = {isa = PBXFileReference; lastKnownFileType = sourcecode.swift; path = AppDelegate.swift; sourceTree = "<group>"; };
		D762752326F9E39D0057332E /* SceneDelegate.swift */ = {isa = PBXFileReference; lastKnownFileType = sourcecode.swift; path = SceneDelegate.swift; sourceTree = "<group>"; };
		D762752826F9E39D0057332E /* Base */ = {isa = PBXFileReference; lastKnownFileType = file.storyboard; name = Base; path = Base.lproj/Main.storyboard; sourceTree = "<group>"; };
		D762752A26F9E3A20057332E /* Assets.xcassets */ = {isa = PBXFileReference; lastKnownFileType = folder.assetcatalog; path = Assets.xcassets; sourceTree = "<group>"; };
		D762752D26F9E3A20057332E /* Base */ = {isa = PBXFileReference; lastKnownFileType = file.storyboard; name = Base; path = Base.lproj/LaunchScreen.storyboard; sourceTree = "<group>"; };
		D762752F26F9E3A20057332E /* Info.plist */ = {isa = PBXFileReference; lastKnownFileType = text.plist.xml; path = Info.plist; sourceTree = "<group>"; };
		D762753726F9E47D0057332E /* TableViewController.swift */ = {isa = PBXFileReference; lastKnownFileType = sourcecode.swift; path = TableViewController.swift; sourceTree = "<group>"; };
		D762753A26F9EA440057332E /* Person.swift */ = {isa = PBXFileReference; lastKnownFileType = sourcecode.swift; path = Person.swift; sourceTree = "<group>"; };
		D762753D26F9EACA0057332E /* Contact.swift */ = {isa = PBXFileReference; lastKnownFileType = sourcecode.swift; path = Contact.swift; sourceTree = "<group>"; };
		D762754A26FA19440057332E /* ContactInfoViewController.swift */ = {isa = PBXFileReference; lastKnownFileType = sourcecode.swift; path = ContactInfoViewController.swift; sourceTree = "<group>"; };
/* End PBXFileReference section */

/* Begin PBXFrameworksBuildPhase section */
		D762751B26F9E39D0057332E /* Frameworks */ = {
			isa = PBXFrameworksBuildPhase;
			buildActionMask = 2147483647;
			files = (
			);
			runOnlyForDeploymentPostprocessing = 0;
		};
/* End PBXFrameworksBuildPhase section */

/* Begin PBXGroup section */
		D762751526F9E39D0057332E = {
			isa = PBXGroup;
			children = (
				D762752026F9E39D0057332E /* RE_ContactList */,
				D762751F26F9E39D0057332E /* Products */,
			);
			sourceTree = "<group>";
		};
		D762751F26F9E39D0057332E /* Products */ = {
			isa = PBXGroup;
			children = (
				D762751E26F9E39D0057332E /* RE_ContactList.app */,
			);
			name = Products;
			sourceTree = "<group>";
		};
		D762752026F9E39D0057332E /* RE_ContactList */ = {
			isa = PBXGroup;
			children = (
				D762754226F9ED180057332E /* Models */,
				D762754526F9ED3F0057332E /* Storyboards */,
				D762754426F9ED220057332E /* ViewControllers */,
				D762754026F9ED070057332E /* Managers */,
				D762752126F9E39D0057332E /* AppDelegate.swift */,
				D762752326F9E39D0057332E /* SceneDelegate.swift */,
				D762752A26F9E3A20057332E /* Assets.xcassets */,
				D762752F26F9E3A20057332E /* Info.plist */,
			);
			path = RE_ContactList;
			sourceTree = "<group>";
		};
		D762754026F9ED070057332E /* Managers */ = {
			isa = PBXGroup;
			children = (
				D762753D26F9EACA0057332E /* Contact.swift */,
			);
			path = Managers;
			sourceTree = "<group>";
		};
		D762754226F9ED180057332E /* Models */ = {
			isa = PBXGroup;
			children = (
				D762753A26F9EA440057332E /* Person.swift */,
			);
			path = Models;
			sourceTree = "<group>";
		};
		D762754426F9ED220057332E /* ViewControllers */ = {
			isa = PBXGroup;
			children = (
				D762753726F9E47D0057332E /* TableViewController.swift */,
				D762754A26FA19440057332E /* ContactInfoViewController.swift */,
			);
			path = ViewControllers;
			sourceTree = "<group>";
		};
		D762754526F9ED3F0057332E /* Storyboards */ = {
			isa = PBXGroup;
			children = (
				D762752726F9E39D0057332E /* Main.storyboard */,
				D762752C26F9E3A20057332E /* LaunchScreen.storyboard */,
			);
			path = Storyboards;
			sourceTree = "<group>";
		};
/* End PBXGroup section */

/* Begin PBXNativeTarget section */
		D762751D26F9E39D0057332E /* RE_ContactList */ = {
			isa = PBXNativeTarget;
			buildConfigurationList = D762753226F9E3A20057332E /* Build configuration list for PBXNativeTarget "RE_ContactList" */;
			buildPhases = (
				D762751A26F9E39D0057332E /* Sources */,
				D762751B26F9E39D0057332E /* Frameworks */,
				D762751C26F9E39D0057332E /* Resources */,
			);
			buildRules = (
			);
			dependencies = (
			);
			name = RE_ContactList;
			productName = RE_ContactList;
			productReference = D762751E26F9E39D0057332E /* RE_ContactList.app */;
			productType = "com.apple.product-type.application";
		};
/* End PBXNativeTarget section */

/* Begin PBXProject section */
		D762751626F9E39D0057332E /* Project object */ = {
			isa = PBXProject;
			attributes = {
				LastSwiftUpdateCheck = 1240;
				LastUpgradeCheck = 1240;
				TargetAttributes = {
					D762751D26F9E39D0057332E = {
						CreatedOnToolsVersion = 12.4;
					};
				};
			};
			buildConfigurationList = D762751926F9E39D0057332E /* Build configuration list for PBXProject "RE_ContactList" */;
			compatibilityVersion = "Xcode 9.3";
			developmentRegion = en;
			hasScannedForEncodings = 0;
			knownRegions = (
				en,
				Base,
			);
			mainGroup = D762751526F9E39D0057332E;
			productRefGroup = D762751F26F9E39D0057332E /* Products */;
			projectDirPath = "";
			projectRoot = "";
			targets = (
				D762751D26F9E39D0057332E /* RE_ContactList */,
			);
		};
/* End PBXProject section */

/* Begin PBXResourcesBuildPhase section */
		D762751C26F9E39D0057332E /* Resources */ = {
			isa = PBXResourcesBuildPhase;
			buildActionMask = 2147483647;
			files = (
				D762752E26F9E3A20057332E /* LaunchScreen.storyboard in Resources */,
				D762752B26F9E3A20057332E /* Assets.xcassets in Resources */,
				D762752926F9E39D0057332E /* Main.storyboard in Resources */,
			);
			runOnlyForDeploymentPostprocessing = 0;
		};
/* End PBXResourcesBuildPhase section */

/* Begin PBXSourcesBuildPhase section */
		D762751A26F9E39D0057332E /* Sources */ = {
			isa = PBXSourcesBuildPhase;
			buildActionMask = 2147483647;
			files = (
				D762754B26FA19440057332E /* ContactInfoViewController.swift in Sources */,
				D762753E26F9EACA0057332E /* Contact.swift in Sources */,
				D762753B26F9EA440057332E /* Person.swift in Sources */,
				D762752226F9E39D0057332E /* AppDelegate.swift in Sources */,
				D762753826F9E47D0057332E /* TableViewController.swift in Sources */,
				D762752426F9E39D0057332E /* SceneDelegate.swift in Sources */,
			);
			runOnlyForDeploymentPostprocessing = 0;
		};
/* End PBXSourcesBuildPhase section */

/* Begin PBXVariantGroup section */
		D762752726F9E39D0057332E /* Main.storyboard */ = {
			isa = PBXVariantGroup;
			children = (
				D762752826F9E39D0057332E /* Base */,
			);
			name = Main.storyboard;
			sourceTree = "<group>";
		};
		D762752C26F9E3A20057332E /* LaunchScreen.storyboard */ = {
			isa = PBXVariantGroup;
			children = (
				D762752D26F9E3A20057332E /* Base */,
			);
			name = LaunchScreen.storyboard;
			sourceTree = "<group>";
		};
/* End PBXVariantGroup section */

/* Begin XCBuildConfiguration section */
		D762753026F9E3A20057332E /* Debug */ = {
			isa = XCBuildConfiguration;
			buildSettings = {
				ALWAYS_SEARCH_USER_PATHS = NO;
				CLANG_ANALYZER_NONNULL = YES;
				CLANG_ANALYZER_NUMBER_OBJECT_CONVERSION = YES_AGGRESSIVE;
				CLANG_CXX_LANGUAGE_STANDARD = "gnu++14";
				CLANG_CXX_LIBRARY = "libc++";
				CLANG_ENABLE_MODULES = YES;
				CLANG_ENABLE_OBJC_ARC = YES;
				CLANG_ENABLE_OBJC_WEAK = YES;
				CLANG_WARN_BLOCK_CAPTURE_AUTORELEASING = YES;
				CLANG_WARN_BOOL_CONVERSION = YES;
				CLANG_WARN_COMMA = YES;
				CLANG_WARN_CONSTANT_CONVERSION = YES;
				CLANG_WARN_DEPRECATED_OBJC_IMPLEMENTATIONS = YES;
				CLANG_WARN_DIRECT_OBJC_ISA_USAGE = YES_ERROR;
				CLANG_WARN_DOCUMENTATION_COMMENTS = YES;
				CLANG_WARN_EMPTY_BODY = YES;
				CLANG_WARN_ENUM_CONVERSION = YES;
				CLANG_WARN_INFINITE_RECURSION = YES;
				CLANG_WARN_INT_CONVERSION = YES;
				CLANG_WARN_NON_LITERAL_NULL_CONVERSION = YES;
				CLANG_WARN_OBJC_IMPLICIT_RETAIN_SELF = YES;
				CLANG_WARN_OBJC_LITERAL_CONVERSION = YES;
				CLANG_WARN_OBJC_ROOT_CLASS = YES_ERROR;
				CLANG_WARN_QUOTED_INCLUDE_IN_FRAMEWORK_HEADER = YES;
				CLANG_WARN_RANGE_LOOP_ANALYSIS = YES;
				CLANG_WARN_STRICT_PROTOTYPES = YES;
				CLANG_WARN_SUSPICIOUS_MOVE = YES;
				CLANG_WARN_UNGUARDED_AVAILABILITY = YES_AGGRESSIVE;
				CLANG_WARN_UNREACHABLE_CODE = YES;
				CLANG_WARN__DUPLICATE_METHOD_MATCH = YES;
				COPY_PHASE_STRIP = NO;
				DEBUG_INFORMATION_FORMAT = dwarf;
				ENABLE_STRICT_OBJC_MSGSEND = YES;
				ENABLE_TESTABILITY = YES;
				GCC_C_LANGUAGE_STANDARD = gnu11;
				GCC_DYNAMIC_NO_PIC = NO;
				GCC_NO_COMMON_BLOCKS = YES;
				GCC_OPTIMIZATION_LEVEL = 0;
				GCC_PREPROCESSOR_DEFINITIONS = (
					"DEBUG=1",
					"$(inherited)",
				);
				GCC_WARN_64_TO_32_BIT_CONVERSION = YES;
				GCC_WARN_ABOUT_RETURN_TYPE = YES_ERROR;
				GCC_WARN_UNDECLARED_SELECTOR = YES;
				GCC_WARN_UNINITIALIZED_AUTOS = YES_AGGRESSIVE;
				GCC_WARN_UNUSED_FUNCTION = YES;
				GCC_WARN_UNUSED_VARIABLE = YES;
				IPHONEOS_DEPLOYMENT_TARGET = 14.4;
				MTL_ENABLE_DEBUG_INFO = INCLUDE_SOURCE;
				MTL_FAST_MATH = YES;
				ONLY_ACTIVE_ARCH = YES;
				SDKROOT = iphoneos;
				SWIFT_ACTIVE_COMPILATION_CONDITIONS = DEBUG;
				SWIFT_OPTIMIZATION_LEVEL = "-Onone";
			};
			name = Debug;
		};
		D762753126F9E3A20057332E /* Release */ = {
			isa = XCBuildConfiguration;
			buildSettings = {
				ALWAYS_SEARCH_USER_PATHS = NO;
				CLANG_ANALYZER_NONNULL = YES;
				CLANG_ANALYZER_NUMBER_OBJECT_CONVERSION = YES_AGGRESSIVE;
				CLANG_CXX_LANGUAGE_STANDARD = "gnu++14";
				CLANG_CXX_LIBRARY = "libc++";
				CLANG_ENABLE_MODULES = YES;
				CLANG_ENABLE_OBJC_ARC = YES;
				CLANG_ENABLE_OBJC_WEAK = YES;
				CLANG_WARN_BLOCK_CAPTURE_AUTORELEASING = YES;
				CLANG_WARN_BOOL_CONVERSION = YES;
				CLANG_WARN_COMMA = YES;
				CLANG_WARN_CONSTANT_CONVERSION = YES;
				CLANG_WARN_DEPRECATED_OBJC_IMPLEMENTATIONS = YES;
				CLANG_WARN_DIRECT_OBJC_ISA_USAGE = YES_ERROR;
				CLANG_WARN_DOCUMENTATION_COMMENTS = YES;
				CLANG_WARN_EMPTY_BODY = YES;
				CLANG_WARN_ENUM_CONVERSION = YES;
				CLANG_WARN_INFINITE_RECURSION = YES;
				CLANG_WARN_INT_CONVERSION = YES;
				CLANG_WARN_NON_LITERAL_NULL_CONVERSION = YES;
				CLANG_WARN_OBJC_IMPLICIT_RETAIN_SELF = YES;
				CLANG_WARN_OBJC_LITERAL_CONVERSION = YES;
				CLANG_WARN_OBJC_ROOT_CLASS = YES_ERROR;
				CLANG_WARN_QUOTED_INCLUDE_IN_FRAMEWORK_HEADER = YES;
				CLANG_WARN_RANGE_LOOP_ANALYSIS = YES;
				CLANG_WARN_STRICT_PROTOTYPES = YES;
				CLANG_WARN_SUSPICIOUS_MOVE = YES;
				CLANG_WARN_UNGUARDED_AVAILABILITY = YES_AGGRESSIVE;
				CLANG_WARN_UNREACHABLE_CODE = YES;
				CLANG_WARN__DUPLICATE_METHOD_MATCH = YES;
				COPY_PHASE_STRIP = NO;
				DEBUG_INFORMATION_FORMAT = "dwarf-with-dsym";
				ENABLE_NS_ASSERTIONS = NO;
				ENABLE_STRICT_OBJC_MSGSEND = YES;
				GCC_C_LANGUAGE_STANDARD = gnu11;
				GCC_NO_COMMON_BLOCKS = YES;
				GCC_WARN_64_TO_32_BIT_CONVERSION = YES;
				GCC_WARN_ABOUT_RETURN_TYPE = YES_ERROR;
				GCC_WARN_UNDECLARED_SELECTOR = YES;
				GCC_WARN_UNINITIALIZED_AUTOS = YES_AGGRESSIVE;
				GCC_WARN_UNUSED_FUNCTION = YES;
				GCC_WARN_UNUSED_VARIABLE = YES;
				IPHONEOS_DEPLOYMENT_TARGET = 14.4;
				MTL_ENABLE_DEBUG_INFO = NO;
				MTL_FAST_MATH = YES;
				SDKROOT = iphoneos;
				SWIFT_COMPILATION_MODE = wholemodule;
				SWIFT_OPTIMIZATION_LEVEL = "-O";
				VALIDATE_PRODUCT = YES;
			};
			name = Release;
		};
		D762753326F9E3A20057332E /* Debug */ = {
			isa = XCBuildConfiguration;
			buildSettings = {
				ASSETCATALOG_COMPILER_APPICON_NAME = AppIcon;
				ASSETCATALOG_COMPILER_GLOBAL_ACCENT_COLOR_NAME = AccentColor;
				CODE_SIGN_STYLE = Automatic;
				DEVELOPMENT_TEAM = 3M9TNH7XM2;
				INFOPLIST_FILE = RE_ContactList/Info.plist;
				LD_RUNPATH_SEARCH_PATHS = (
					"$(inherited)",
					"@executable_path/Frameworks",
				);
				PRODUCT_BUNDLE_IDENTIFIER = "DevDev.RE-ContactList";
				PRODUCT_NAME = "$(TARGET_NAME)";
				SWIFT_VERSION = 5.0;
				TARGETED_DEVICE_FAMILY = "1,2";
			};
			name = Debug;
		};
		D762753426F9E3A20057332E /* Release */ = {
			isa = XCBuildConfiguration;
			buildSettings = {
				ASSETCATALOG_COMPILER_APPICON_NAME = AppIcon;
				ASSETCATALOG_COMPILER_GLOBAL_ACCENT_COLOR_NAME = AccentColor;
				CODE_SIGN_STYLE = Automatic;
				DEVELOPMENT_TEAM = 3M9TNH7XM2;
				INFOPLIST_FILE = RE_ContactList/Info.plist;
				LD_RUNPATH_SEARCH_PATHS = (
					"$(inherited)",
					"@executable_path/Frameworks",
				);
				PRODUCT_BUNDLE_IDENTIFIER = "DevDev.RE-ContactList";
				PRODUCT_NAME = "$(TARGET_NAME)";
				SWIFT_VERSION = 5.0;
				TARGETED_DEVICE_FAMILY = "1,2";
			};
			name = Release;
		};
/* End XCBuildConfiguration section */

/* Begin XCConfigurationList section */
		D762751926F9E39D0057332E /* Build configuration list for PBXProject "RE_ContactList" */ = {
			isa = XCConfigurationList;
			buildConfigurations = (
				D762753026F9E3A20057332E /* Debug */,
				D762753126F9E3A20057332E /* Release */,
			);
			defaultConfigurationIsVisible = 0;
			defaultConfigurationName = Release;
		};
		D762753226F9E3A20057332E /* Build configuration list for PBXNativeTarget "RE_ContactList" */ = {
			isa = XCConfigurationList;
			buildConfigurations = (
				D762753326F9E3A20057332E /* Debug */,
				D762753426F9E3A20057332E /* Release */,
			);
			defaultConfigurationIsVisible = 0;
			defaultConfigurationName = Release;
		};
/* End XCConfigurationList section */
	};
	rootObject = D762751626F9E39D0057332E /* Project object */;
}
